{
  "object": {
    "pins": [
      {
        "package": "BrightFutures",
        "repositoryURL": "https://github.com/Thomvis/BrightFutures",
        "state": {
          "branch": null,
          "revision": "9279defa6bdc21501ce740266e5a14d0119ddc63",
          "version": "8.0.1"
        }
      },
      {
        "package": "FootlessParser",
        "repositoryURL": "https://github.com/kareman/FootlessParser",
        "state": {
          "branch": null,
          "revision": "11c7a366720a2cc62d13ee69c8bdb8372bb3bb2b",
          "version": "0.5.2"
        }
      },
      {
        "package": "ReactiveSwift",
        "repositoryURL": "https://github.com/ReactiveCocoa/ReactiveSwift",
        "state": {
          "branch": null,
          "revision": "4a8e1e4a683e96daf658f68132dae781738bc862",
          "version": "6.6.0"
        }
      },
      {
        "package": "SwiftSparql",
        "repositoryURL": "https://github.com/banjun/SwiftSparql",
        "state": {
          "branch": null,
          "revision": "640098cd6b3fcc40048dbcf948f3ad01229eb020",
          "version": "0.11.0"
        }
      }
    ]
  },
  "version": 1
}
